
Microsoft Visual Studio Solution File, Format Version 12.00
# Visual Studio Version 16
VisualStudioVersion = 16.0.31205.134
MinimumVisualStudioVersion = 10.0.40219.1
Project("{FAE04EC0-301F-11D3-BF4B-00C04F79EFBC}") = "SimpleContactManager", "SimpleContactManager\SimpleContactManager.csproj", "{DD470A65-A2B6-4CAF-BCB5-624FE23B6353}"
EndProject
Global
	GlobalSection(SolutionConfigurationPlatforms) = preSolution
		Debug|Any CPU = Debug|Any CPU
		Release|Any CPU = Release|Any CPU
	EndGlobalSection
	GlobalSection(ProjectConfigurationPlatforms) = postSolution
		{DD470A65-A2B6-4CAF-BCB5-624FE23B6353}.Debug|Any CPU.ActiveCfg = Debug|Any CPU
		{DD470A65-A2B6-4CAF-BCB5-624FE23B6353}.Debug|Any CPU.Build.0 = Debug|Any CPU
		{DD470A65-A2B6-4CAF-BCB5-624FE23B6353}.Release|Any CPU.ActiveCfg = Release|Any CPU
		{DD470A65-A2B6-4CAF-BCB5-624FE23B6353}.Release|Any CPU.Build.0 = Release|Any CPU
	EndGlobalSection
	GlobalSection(SolutionProperties) = preSolution
		HideSolutionNode = FALSE
	EndGlobalSection
	GlobalSection(ExtensibilityGlobals) = postSolution
		SolutionGuid = {AE38248D-B7DC-4EED-B173-59ACAFCF8AA9}
	EndGlobalSection
EndGlobal
